[root]
name = "git-interactive-rebase-tool"
version = "0.2.0"
dependencies = [
 "pancurses 0.7.0 (registry+https://github.com/rust-lang/crates.io-index)",
]

[[package]]
name = "gcc"
version = "0.3.40"
source = "registry+https://github.com/rust-lang/crates.io-index"

[[package]]
name = "libc"
version = "0.2.18"
source = "registry+https://github.com/rust-lang/crates.io-index"

[[package]]
name = "log"
version = "0.3.6"
source = "registry+https://github.com/rust-lang/crates.io-index"

[[package]]
name = "ncurses"
version = "5.84.0"
source = "registry+https://github.com/rust-lang/crates.io-index"
dependencies = [
 "libc 0.2.18 (registry+https://github.com/rust-lang/crates.io-index)",
]

[[package]]
name = "pancurses"
version = "0.7.0"
source = "registry+https://github.com/rust-lang/crates.io-index"
dependencies = [
 "libc 0.2.18 (registry+https://github.com/rust-lang/crates.io-index)",
 "log 0.3.6 (registry+https://github.com/rust-lang/crates.io-index)",
 "ncurses 5.84.0 (registry+https://github.com/rust-lang/crates.io-index)",
 "pdcurses-sys 0.3.0 (registry+https://github.com/rust-lang/crates.io-index)",
]

[[package]]
name = "pdcurses-sys"
version = "0.3.0"
source = "registry+https://github.com/rust-lang/crates.io-index"
dependencies = [
 "gcc 0.3.40 (registry+https://github.com/rust-lang/crates.io-index)",
 "libc 0.2.18 (registry+https://github.com/rust-lang/crates.io-index)",
]

[metadata]
"checksum gcc 0.3.40 (registry+https://github.com/rust-lang/crates.io-index)" = "872db9e59486ef2b14f8e8c10e9ef02de2bccef6363d7f34835dedb386b3d950"
"checksum libc 0.2.18 (registry+https://github.com/rust-lang/crates.io-index)" = "a51822fc847e7a8101514d1d44e354ba2ffa7d4c194dcab48870740e327cac70"
"checksum log 0.3.6 (registry+https://github.com/rust-lang/crates.io-index)" = "ab83497bf8bf4ed2a74259c1c802351fcd67a65baa86394b6ba73c36f4838054"
"checksum ncurses 5.84.0 (registry+https://github.com/rust-lang/crates.io-index)" = "30beffce9ed08187ec156a5d78c501b6ae20ee39eba7d1abf9fdfe522c86ae89"
"checksum pancurses 0.7.0 (registry+https://github.com/rust-lang/crates.io-index)" = "8d50e310b2bd745bbafc0138019729791c6c67bff8094d9136e85fd76e696709"
"checksum pdcurses-sys 0.3.0 (registry+https://github.com/rust-lang/crates.io-index)" = "27a3bc0e02f0e4b38c3225e5ead84f7d529d44048076bb49980f76edcff7d6f1"
